
Microsoft Visual Studio Solution File, Format Version 12.00
# Visual Studio Version 17
VisualStudioVersion = 17.12.35707.178
MinimumVisualStudioVersion = 10.0.40219.1
Project("{FAE04EC0-301F-11D3-BF4B-00C04F79EFBC}") = "Gestion de contactos 2", "..\Gestion de contactos 2\Gestion de contactos 2\Gestion de contactos 2.csproj", "{4D4DC3EA-5D37-4D8E-A93F-D918967B04BA}"
EndProject
Project("{FAE04EC0-301F-11D3-BF4B-00C04F79EFBC}") = "Imagenes practica", "..\Imagenes practica\Imagenes practica\Imagenes practica.csproj", "{44305D04-C18E-408E-A73E-7F70506A4A53}"
EndProject
Project("{FAE04EC0-301F-11D3-BF4B-00C04F79EFBC}") = "Componentes y librerias", "..\Componentes y librerias\Componentes y librerias\Componentes y librerias.csproj", "{E7A15F75-B165-4C6D-A316-0B39965E982B}"
EndProject
Project("{FAE04EC0-301F-11D3-BF4B-00C04F79EFBC}") = "Practica 4. Concurrencia. Números primos", "..\Practica 4. Concurrencia. Números primos\Practica 4. Concurrencia. Números primos\Practica 4. Concurrencia. Números primos.csproj", "{4F43ABD6-4FF6-4C2F-AE2D-D3BF92250BFE}"
EndProject
Project("{FAE04EC0-301F-11D3-BF4B-00C04F79EFBC}") = "AccesoBaseDatos1", "..\AccesoBaseDatos1-master\AccesoBaseDatos1.csproj", "{AB537FDF-C091-469A-8A01-8E1968B3CC24}"
EndProject
Global
	GlobalSection(SolutionConfigurationPlatforms) = preSolution
		Debug|Any CPU = Debug|Any CPU
		Release|Any CPU = Release|Any CPU
	EndGlobalSection
	GlobalSection(ProjectConfigurationPlatforms) = postSolution
		{4D4DC3EA-5D37-4D8E-A93F-D918967B04BA}.Debug|Any CPU.ActiveCfg = Debug|Any CPU
		{4D4DC3EA-5D37-4D8E-A93F-D918967B04BA}.Debug|Any CPU.Build.0 = Debug|Any CPU
		{4D4DC3EA-5D37-4D8E-A93F-D918967B04BA}.Release|Any CPU.ActiveCfg = Release|Any CPU
		{4D4DC3EA-5D37-4D8E-A93F-D918967B04BA}.Release|Any CPU.Build.0 = Release|Any CPU
		{44305D04-C18E-408E-A73E-7F70506A4A53}.Debug|Any CPU.ActiveCfg = Debug|Any CPU
		{44305D04-C18E-408E-A73E-7F70506A4A53}.Debug|Any CPU.Build.0 = Debug|Any CPU
		{44305D04-C18E-408E-A73E-7F70506A4A53}.Release|Any CPU.ActiveCfg = Release|Any CPU
		{44305D04-C18E-408E-A73E-7F70506A4A53}.Release|Any CPU.Build.0 = Release|Any CPU
		{E7A15F75-B165-4C6D-A316-0B39965E982B}.Debug|Any CPU.ActiveCfg = Debug|Any CPU
		{E7A15F75-B165-4C6D-A316-0B39965E982B}.Debug|Any CPU.Build.0 = Debug|Any CPU
		{E7A15F75-B165-4C6D-A316-0B39965E982B}.Release|Any CPU.ActiveCfg = Release|Any CPU
		{E7A15F75-B165-4C6D-A316-0B39965E982B}.Release|Any CPU.Build.0 = Release|Any CPU
		{4F43ABD6-4FF6-4C2F-AE2D-D3BF92250BFE}.Debug|Any CPU.ActiveCfg = Debug|Any CPU
		{4F43ABD6-4FF6-4C2F-AE2D-D3BF92250BFE}.Debug|Any CPU.Build.0 = Debug|Any CPU
		{4F43ABD6-4FF6-4C2F-AE2D-D3BF92250BFE}.Release|Any CPU.ActiveCfg = Release|Any CPU
		{4F43ABD6-4FF6-4C2F-AE2D-D3BF92250BFE}.Release|Any CPU.Build.0 = Release|Any CPU
		{AB537FDF-C091-469A-8A01-8E1968B3CC24}.Debug|Any CPU.ActiveCfg = Debug|Any CPU
		{AB537FDF-C091-469A-8A01-8E1968B3CC24}.Debug|Any CPU.Build.0 = Debug|Any CPU
		{AB537FDF-C091-469A-8A01-8E1968B3CC24}.Release|Any CPU.ActiveCfg = Release|Any CPU
		{AB537FDF-C091-469A-8A01-8E1968B3CC24}.Release|Any CPU.Build.0 = Release|Any CPU
	EndGlobalSection
	GlobalSection(SolutionProperties) = preSolution
		HideSolutionNode = FALSE
	EndGlobalSection
EndGlobal
